// !$*UTF8*$!
{
	archiveVersion = 1;
	classes = {
	};
	objectVersion = 46;
	objects = {

/* Begin PBXBuildFile section */
		1302A68A1CF875C0006D2354 /* CustomTableViewCell.swift in Sources */ = {isa = PBXBuildFile; fileRef = 1302A6891CF875C0006D2354 /* CustomTableViewCell.swift */; };
		138A18451CF8448700B96350 /* FirstTableViewController.swift in Sources */ = {isa = PBXBuildFile; fileRef = 138A18441CF8448700B96350 /* FirstTableViewController.swift */; };
		13B2D0831CF6EEC900B75F23 /* AppDelegate.swift in Sources */ = {isa = PBXBuildFile; fileRef = 13B2D0821CF6EEC900B75F23 /* AppDelegate.swift */; };
		13B2D0851CF6EEC900B75F23 /* ViewController.swift in Sources */ = {isa = PBXBuildFile; fileRef = 13B2D0841CF6EEC900B75F23 /* ViewController.swift */; };
		13B2D0881CF6EEC900B75F23 /* Main.storyboard in Resources */ = {isa = PBXBuildFile; fileRef = 13B2D0861CF6EEC900B75F23 /* Main.storyboard */; };
		13B2D08A1CF6EEC900B75F23 /* Assets.xcassets in Resources */ = {isa = PBXBuildFile; fileRef = 13B2D0891CF6EEC900B75F23 /* Assets.xcassets */; };
		13B2D08D1CF6EEC900B75F23 /* LaunchScreen.storyboard in Resources */ = {isa = PBXBuildFile; fileRef = 13B2D08B1CF6EEC900B75F23 /* LaunchScreen.storyboard */; };
		13BE010B1CF71D1A0045B2A6 /* splash.png in Resources */ = {isa = PBXBuildFile; fileRef = 13BE010A1CF71D1A0045B2A6 /* splash.png */; };
		13BE010D1CF71E3B0045B2A6 /* Images.xcassets in Resources */ = {isa = PBXBuildFile; fileRef = 13BE010C1CF71E3B0045B2A6 /* Images.xcassets */; };
/* End PBXBuildFile section */

/* Begin PBXFileReference section */
		1302A6891CF875C0006D2354 /* CustomTableViewCell.swift */ = {isa = PBXFileReference; fileEncoding = 4; lastKnownFileType = sourcecode.swift; path = CustomTableViewCell.swift; sourceTree = "<group>"; };
		138A18441CF8448700B96350 /* FirstTableViewController.swift */ = {isa = PBXFileReference; fileEncoding = 4; lastKnownFileType = sourcecode.swift; path = FirstTableViewController.swift; sourceTree = "<group>"; };
		13B2D07F1CF6EEC900B75F23 /* mono-test.app */ = {isa = PBXFileReference; explicitFileType = wrapper.application; includeInIndex = 0; path = "mono-test.app"; sourceTree = BUILT_PRODUCTS_DIR; };
		13B2D0821CF6EEC900B75F23 /* AppDelegate.swift */ = {isa = PBXFileReference; lastKnownFileType = sourcecode.swift; path = AppDelegate.swift; sourceTree = "<group>"; };
		13B2D0841CF6EEC900B75F23 /* ViewController.swift */ = {isa = PBXFileReference; lastKnownFileType = sourcecode.swift; path = ViewController.swift; sourceTree = "<group>"; };
		13B2D0871CF6EEC900B75F23 /* Base */ = {isa = PBXFileReference; lastKnownFileType = file.storyboard; name = Base; path = Base.lproj/Main.storyboard; sourceTree = "<group>"; };
		13B2D0891CF6EEC900B75F23 /* Assets.xcassets */ = {isa = PBXFileReference; lastKnownFileType = folder.assetcatalog; path = Assets.xcassets; sourceTree = "<group>"; };
		13B2D08C1CF6EEC900B75F23 /* Base */ = {isa = PBXFileReference; lastKnownFileType = file.storyboard; name = Base; path = Base.lproj/LaunchScreen.storyboard; sourceTree = "<group>"; };
		13B2D08E1CF6EEC900B75F23 /* Info.plist */ = {isa = PBXFileReference; lastKnownFileType = text.plist.xml; path = Info.plist; sourceTree = "<group>"; };
		13BE010A1CF71D1A0045B2A6 /* splash.png */ = {isa = PBXFileReference; lastKnownFileType = image.png; name = splash.png; path = ../splash.png; sourceTree = "<group>"; };
		13BE010C1CF71E3B0045B2A6 /* Images.xcassets */ = {isa = PBXFileReference; lastKnownFileType = folder.assetcatalog; path = Images.xcassets; sourceTree = "<group>"; };
/* End PBXFileReference section */

/* Begin PBXFrameworksBuildPhase section */
		13B2D07C1CF6EEC900B75F23 /* Frameworks */ = {
			isa = PBXFrameworksBuildPhase;
			buildActionMask = 2147483647;
			files = (
			);
			runOnlyForDeploymentPostprocessing = 0;
		};
/* End PBXFrameworksBuildPhase section */

/* Begin PBXGroup section */
		13B2D0761CF6EEC800B75F23 = {
			isa = PBXGroup;
			children = (
				13B2D0811CF6EEC900B75F23 /* mono-test */,
				13B2D0801CF6EEC900B75F23 /* Products */,
			);
			sourceTree = "<group>";
		};
		13B2D0801CF6EEC900B75F23 /* Products */ = {
			isa = PBXGroup;
			children = (
				13B2D07F1CF6EEC900B75F23 /* mono-test.app */,
			);
			name = Products;
			sourceTree = "<group>";
		};
		13B2D0811CF6EEC900B75F23 /* mono-test */ = {
			isa = PBXGroup;
			children = (
				13BE010A1CF71D1A0045B2A6 /* splash.png */,
				13B2D0821CF6EEC900B75F23 /* AppDelegate.swift */,
				13B2D0841CF6EEC900B75F23 /* ViewController.swift */,
				13B2D0861CF6EEC900B75F23 /* Main.storyboard */,
				13B2D0891CF6EEC900B75F23 /* Assets.xcassets */,
				13B2D08B1CF6EEC900B75F23 /* LaunchScreen.storyboard */,
				13B2D08E1CF6EEC900B75F23 /* Info.plist */,
				13BE010C1CF71E3B0045B2A6 /* Images.xcassets */,
				138A18441CF8448700B96350 /* FirstTableViewController.swift */,
				1302A6891CF875C0006D2354 /* CustomTableViewCell.swift */,
			);
			path = "mono-test";
			sourceTree = "<group>";
		};
/* End PBXGroup section */

/* Begin PBXNativeTarget section */
		13B2D07E1CF6EEC900B75F23 /* mono-test */ = {
			isa = PBXNativeTarget;
			buildConfigurationList = 13B2D0911CF6EEC900B75F23 /* Build configuration list for PBXNativeTarget "mono-test" */;
			buildPhases = (
				13B2D07B1CF6EEC900B75F23 /* Sources */,
				13B2D07C1CF6EEC900B75F23 /* Frameworks */,
				13B2D07D1CF6EEC900B75F23 /* Resources */,
			);
			buildRules = (
			);
			dependencies = (
			);
			name = "mono-test";
			productName = "mono-test";
			productReference = 13B2D07F1CF6EEC900B75F23 /* mono-test.app */;
			productType = "com.apple.product-type.application";
		};
/* End PBXNativeTarget section */

/* Begin PBXProject section */
		13B2D0771CF6EEC800B75F23 /* Project object */ = {
			isa = PBXProject;
			attributes = {
				LastSwiftUpdateCheck = 0730;
				LastUpgradeCheck = 0730;
				ORGANIZATIONNAME = kiwan;
				TargetAttributes = {
					13B2D07E1CF6EEC900B75F23 = {
						CreatedOnToolsVersion = 7.3;
					};
				};
			};
			buildConfigurationList = 13B2D07A1CF6EEC800B75F23 /* Build configuration list for PBXProject "mono-test" */;
			compatibilityVersion = "Xcode 3.2";
			developmentRegion = English;
			hasScannedForEncodings = 0;
			knownRegions = (
				en,
				Base,
			);
			mainGroup = 13B2D0761CF6EEC800B75F23;
			productRefGroup = 13B2D0801CF6EEC900B75F23 /* Products */;
			projectDirPath = "";
			projectRoot = "";
			targets = (
				13B2D07E1CF6EEC900B75F23 /* mono-test */,
			);
		};
/* End PBXProject section */

/* Begin PBXResourcesBuildPhase section */
		13B2D07D1CF6EEC900B75F23 /* Resources */ = {
			isa = PBXResourcesBuildPhase;
			buildActionMask = 2147483647;
			files = (
				13B2D08D1CF6EEC900B75F23 /* LaunchScreen.storyboard in Resources */,
				13BE010D1CF71E3B0045B2A6 /* Images.xcassets in Resources */,
				13B2D08A1CF6EEC900B75F23 /* Assets.xcassets in Resources */,
				13B2D0881CF6EEC900B75F23 /* Main.storyboard in Resources */,
				13BE010B1CF71D1A0045B2A6 /* splash.png in Resources */,
			);
			runOnlyForDeploymentPostprocessing = 0;
		};
/* End PBXResourcesBuildPhase section */

/* Begin PBXSourcesBuildPhase section */
		13B2D07B1CF6EEC900B75F23 /* Sources */ = {
			isa = PBXSourcesBuildPhase;
			buildActionMask = 2147483647;
			files = (
				13B2D0851CF6EEC900B75F23 /* ViewController.swift in Sources */,
				13B2D0831CF6EEC900B75F23 /* AppDelegate.swift in Sources */,
				1302A68A1CF875C0006D2354 /* CustomTableViewCell.swift in Sources */,
				138A18451CF8448700B96350 /* FirstTableViewController.swift in Sources */,
			);
			runOnlyForDeploymentPostprocessing = 0;
		};
/* End PBXSourcesBuildPhase section */

/* Begin PBXVariantGroup section */
		13B2D0861CF6EEC900B75F23 /* Main.storyboard */ = {
			isa = PBXVariantGroup;
			children = (
				13B2D0871CF6EEC900B75F23 /* Base */,
			);
			name = Main.storyboard;
			sourceTree = "<group>";
		};
		13B2D08B1CF6EEC900B75F23 /* LaunchScreen.storyboard */ = {
			isa = PBXVariantGroup;
			children = (
				13B2D08C1CF6EEC900B75F23 /* Base */,
			);
			name = LaunchScreen.storyboard;
			sourceTree = "<group>";
		};
/* End PBXVariantGroup section */

/* Begin XCBuildConfiguration section */
		13B2D08F1CF6EEC900B75F23 /* Debug */ = {
			isa = XCBuildConfiguration;
			buildSettings = {
				ALWAYS_SEARCH_USER_PATHS = NO;
				CLANG_ANALYZER_NONNULL = YES;
				CLANG_CXX_LANGUAGE_STANDARD = "gnu++0x";
				CLANG_CXX_LIBRARY = "libc++";
				CLANG_ENABLE_MODULES = YES;
				CLANG_ENABLE_OBJC_ARC = YES;
				CLANG_WARN_BOOL_CONVERSION = YES;
				CLANG_WARN_CONSTANT_CONVERSION = YES;
				CLANG_WARN_DIRECT_OBJC_ISA_USAGE = YES_ERROR;
				CLANG_WARN_EMPTY_BODY = YES;
				CLANG_WARN_ENUM_CONVERSION = YES;
				CLANG_WARN_INT_CONVERSION = YES;
				CLANG_WARN_OBJC_ROOT_CLASS = YES_ERROR;
				CLANG_WARN_UNREACHABLE_CODE = YES;
				CLANG_WARN__DUPLICATE_METHOD_MATCH = YES;
				"CODE_SIGN_IDENTITY[sdk=iphoneos*]" = "iPhone Developer";
				COPY_PHASE_STRIP = NO;
				DEBUG_INFORMATION_FORMAT = dwarf;
				ENABLE_STRICT_OBJC_MSGSEND = YES;
				ENABLE_TESTABILITY = YES;
				GCC_C_LANGUAGE_STANDARD = gnu99;
				GCC_DYNAMIC_NO_PIC = NO;
				GCC_NO_COMMON_BLOCKS = YES;
				GCC_OPTIMIZATION_LEVEL = 0;
				GCC_PREPROCESSOR_DEFINITIONS = (
					"DEBUG=1",
					"$(inherited)",
				);
				GCC_WARN_64_TO_32_BIT_CONVERSION = YES;
				GCC_WARN_ABOUT_RETURN_TYPE = YES_ERROR;
				GCC_WARN_UNDECLARED_SELECTOR = YES;
				GCC_WARN_UNINITIALIZED_AUTOS = YES_AGGRESSIVE;
				GCC_WARN_UNUSED_FUNCTION = YES;
				GCC_WARN_UNUSED_VARIABLE = YES;
				IPHONEOS_DEPLOYMENT_TARGET = 9.3;
				MTL_ENABLE_DEBUG_INFO = YES;
				ONLY_ACTIVE_ARCH = YES;
				SDKROOT = iphoneos;
				SWIFT_OPTIMIZATION_LEVEL = "-Onone";
			};
			name = Debug;
		};
		13B2D0901CF6EEC900B75F23 /* Release */ = {
			isa = XCBuildConfiguration;
			buildSettings = {
				ALWAYS_SEARCH_USER_PATHS = NO;
				CLANG_ANALYZER_NONNULL = YES;
				CLANG_CXX_LANGUAGE_STANDARD = "gnu++0x";
				CLANG_CXX_LIBRARY = "libc++";
				CLANG_ENABLE_MODULES = YES;
				CLANG_ENABLE_OBJC_ARC = YES;
				CLANG_WARN_BOOL_CONVERSION = YES;
				CLANG_WARN_CONSTANT_CONVERSION = YES;
				CLANG_WARN_DIRECT_OBJC_ISA_USAGE = YES_ERROR;
				CLANG_WARN_EMPTY_BODY = YES;
				CLANG_WARN_ENUM_CONVERSION = YES;
				CLANG_WARN_INT_CONVERSION = YES;
				CLANG_WARN_OBJC_ROOT_CLASS = YES_ERROR;
				CLANG_WARN_UNREACHABLE_CODE = YES;
				CLANG_WARN__DUPLICATE_METHOD_MATCH = YES;
				"CODE_SIGN_IDENTITY[sdk=iphoneos*]" = "iPhone Developer";
				COPY_PHASE_STRIP = NO;
				DEBUG_INFORMATION_FORMAT = "dwarf-with-dsym";
				ENABLE_NS_ASSERTIONS = NO;
				ENABLE_STRICT_OBJC_MSGSEND = YES;
				GCC_C_LANGUAGE_STANDARD = gnu99;
				GCC_NO_COMMON_BLOCKS = YES;
				GCC_WARN_64_TO_32_BIT_CONVERSION = YES;
				GCC_WARN_ABOUT_RETURN_TYPE = YES_ERROR;
				GCC_WARN_UNDECLARED_SELECTOR = YES;
				GCC_WARN_UNINITIALIZED_AUTOS = YES_AGGRESSIVE;
				GCC_WARN_UNUSED_FUNCTION = YES;
				GCC_WARN_UNUSED_VARIABLE = YES;
				IPHONEOS_DEPLOYMENT_TARGET = 9.3;
				MTL_ENABLE_DEBUG_INFO = NO;
				SDKROOT = iphoneos;
				VALIDATE_PRODUCT = YES;
			};
			name = Release;
		};
		13B2D0921CF6EEC900B75F23 /* Debug */ = {
			isa = XCBuildConfiguration;
			buildSettings = {
				ASSETCATALOG_COMPILER_APPICON_NAME = AppIcon;
				INFOPLIST_FILE = "mono-test/Info.plist";
				LD_RUNPATH_SEARCH_PATHS = "$(inherited) @executable_path/Frameworks";
				PRODUCT_BUNDLE_IDENTIFIER = "study.mono-test";
				PRODUCT_NAME = "$(TARGET_NAME)";
			};
			name = Debug;
		};
		13B2D0931CF6EEC900B75F23 /* Release */ = {
			isa = XCBuildConfiguration;
			buildSettings = {
				ASSETCATALOG_COMPILER_APPICON_NAME = AppIcon;
				INFOPLIST_FILE = "mono-test/Info.plist";
				LD_RUNPATH_SEARCH_PATHS = "$(inherited) @executable_path/Frameworks";
				PRODUCT_BUNDLE_IDENTIFIER = "study.mono-test";
				PRODUCT_NAME = "$(TARGET_NAME)";
			};
			name = Release;
		};
/* End XCBuildConfiguration section */

/* Begin XCConfigurationList section */
		13B2D07A1CF6EEC800B75F23 /* Build configuration list for PBXProject "mono-test" */ = {
			isa = XCConfigurationList;
			buildConfigurations = (
				13B2D08F1CF6EEC900B75F23 /* Debug */,
				13B2D0901CF6EEC900B75F23 /* Release */,
			);
			defaultConfigurationIsVisible = 0;
			defaultConfigurationName = Release;
		};
		13B2D0911CF6EEC900B75F23 /* Build configuration list for PBXNativeTarget "mono-test" */ = {
			isa = XCConfigurationList;
			buildConfigurations = (
				13B2D0921CF6EEC900B75F23 /* Debug */,
				13B2D0931CF6EEC900B75F23 /* Release */,
			);
			defaultConfigurationIsVisible = 0;
			defaultConfigurationName = Release;
		};
/* End XCConfigurationList section */
	};
	rootObject = 13B2D0771CF6EEC800B75F23 /* Project object */;
}
